
Microsoft Visual Studio Solution File, Format Version 12.00
# SQL Server Management Studio Version 22
VisualStudioVersion = 18.8.12023.21
MinimumVisualStudioVersion = 10.0.40219.1
Project("{4F2E2C19-372F-40D8-9FA7-9D2138C6997A}") = "Banking", "Banking\Banking.ssmssqlproj", "{A31454E2-A19F-4C63-E8C7-980F4ADC3708}"
EndProject
Global
	GlobalSection(SolutionConfigurationPlatforms) = preSolution
		Default|Default = Default|Default
	EndGlobalSection
	GlobalSection(ProjectConfigurationPlatforms) = postSolution
		{A31454E2-A19F-4C63-E8C7-980F4ADC3708}.Default|Default.ActiveCfg = Default
		{DDE2DBA7-4C5E-4216-B351-DEE6DF06C345}.Default|Default.ActiveCfg = Default
	EndGlobalSection
	GlobalSection(SolutionProperties) = preSolution
		HideSolutionNode = FALSE
	EndGlobalSection
	GlobalSection(ExtensibilityGlobals) = postSolution
		SolutionGuid = {4A2A9F2B-CB81-4C82-AE68-8C28F842BFC3}
	EndGlobalSection
EndGlobal
